{
    "_meta": {
        "hash": {
            "sha256": "9fae96021a2f7bafc7f0b2619863fb65fc2be2669bba837309b09777ed8df2f6"
        },
        "pipfile-spec": 6,
        "requires": {
            "python_version": "3.7"
        },
        "sources": [
            {
                "name": "pypi",
                "url": "https://pypi.org/simple",
                "verify_ssl": true
            }
        ]
    },
    "default": {
        "cachetools": {
            "hashes": [
                "sha256:89ea6f1b638d5a73a4f9226be57ac5e4f399d22770b92355f92dcb0f7f001693",
                "sha256:92971d3cb7d2a97efff7c7bb1657f21a8f5fb309a37530537c71b1774189f2d1"
            ],
            "markers": "python_version ~= '3.5'",
            "version": "==4.2.4"
        },
        "certifi": {
            "hashes": [
                "sha256:9c5705e395cd70084351dd8ad5c41e65655e08ce46f2ec9cf6c2c08390f71eb7",
                "sha256:f1d53542ee8cbedbe2118b5686372fb33c297fcd6379b050cca0ef13a597382a"
            ],
            "markers": "python_version >= '3.6'",
            "version": "==2022.5.18.1"
        },
        "charset-normalizer": {
            "hashes": [
                "sha256:2857e29ff0d34db842cd7ca3230549d1a697f96ee6d3fb071cfa6c7393832597",
                "sha256:6881edbebdb17b39b4eaaa821b438bf6eddffb4468cf344f09f89def34a8b1df"
            ],
            "markers": "python_version >= '3'",
            "version": "==2.0.12"
        },
        "google-api-core": {
            "hashes": [
                "sha256:1bb3c485c38eacded8d685b1759968f6cf47dd9432922d34edb90359eaa391e2",
                "sha256:94d8c707d358d8d9e8b0045c42be20efb58433d308bd92cf748511c7825569c8"
            ],
            "index": "pypi",
            "version": "==1.23.0"
        },
        "google-auth": {
            "hashes": [
                "sha256:997516b42ecb5b63e8d80f5632c1a61dddf41d2a4c2748057837e06e00014258",
                "sha256:b7033be9028c188ee30200b204ea00ed82ea1162e8ac1df4aa6ded19a191d88e"
            ],
            "markers": "python_version >= '2.7' and python_version not in '3.0, 3.1, 3.2, 3.3, 3.4, 3.5'",
            "version": "==1.35.0"
        },
        "googleapis-common-protos": {
            "hashes": [
                "sha256:6b5ee59dc646eb61a8eb65ee1db186d3df6687c8804830024f32573298bca19b",
                "sha256:ddcd955b5bb6589368f659fa475373faa1ed7d09cde5ba25e88513d87007e174"
            ],
            "markers": "python_version >= '3.6'",
            "version": "==1.56.1"
        },
        "idna": {
            "hashes": [
                "sha256:84d9dd047ffa80596e0f246e2eab0b391788b0503584e8945f2368256d2735ff",
                "sha256:9d643ff0a55b762d5cdb124b8eaa99c66322e2157b69160bc32796e824360e6d"
            ],
            "markers": "python_version >= '3'",
            "version": "==3.3"
        },
        "protobuf": {
            "hashes": [
                "sha256:06059eb6953ff01e56a25cd02cca1a9649a75a7e65397b5b9b4e929ed71d10cf",
                "sha256:097c5d8a9808302fb0da7e20edf0b8d4703274d140fd25c5edabddcde43e081f",
                "sha256:284f86a6207c897542d7e956eb243a36bb8f9564c1742b253462386e96c6b78f",
                "sha256:32ca378605b41fd180dfe4e14d3226386d8d1b002ab31c969c366549e66a2bb7",
                "sha256:3cc797c9d15d7689ed507b165cd05913acb992d78b379f6014e013f9ecb20996",
                "sha256:62f1b5c4cd6c5402b4e2d63804ba49a327e0c386c99b1675c8a0fefda23b2067",
                "sha256:69ccfdf3657ba59569c64295b7d51325f91af586f8d5793b734260dfe2e94e2c",
                "sha256:6f50601512a3d23625d8a85b1638d914a0970f17920ff39cec63aaef80a93fb7",
                "sha256:7403941f6d0992d40161aa8bb23e12575637008a5a02283a930addc0508982f9",
                "sha256:755f3aee41354ae395e104d62119cb223339a8f3276a0cd009ffabfcdd46bb0c",
                "sha256:77053d28427a29987ca9caf7b72ccafee011257561259faba8dd308fda9a8739",
                "sha256:7e371f10abe57cee5021797126c93479f59fccc9693dafd6bd5633ab67808a91",
                "sha256:9016d01c91e8e625141d24ec1b20fed584703e527d28512aa8c8707f105a683c",
                "sha256:9be73ad47579abc26c12024239d3540e6b765182a91dbc88e23658ab71767153",
                "sha256:adc31566d027f45efe3f44eeb5b1f329da43891634d61c75a5944e9be6dd42c9",
                "sha256:adfc6cf69c7f8c50fd24c793964eef18f0ac321315439d94945820612849c388",
                "sha256:af0ebadc74e281a517141daad9d0f2c5d93ab78e9d455113719a45a49da9db4e",
                "sha256:cb29edb9eab15742d791e1025dd7b6a8f6fcb53802ad2f6e3adcb102051063ab",
                "sha256:cd68be2559e2a3b84f517fb029ee611546f7812b1fdd0aa2ecc9bc6ec0e4fdde",
                "sha256:cdee09140e1cd184ba9324ec1df410e7147242b94b5f8b0c64fc89e38a8ba531",
                "sha256:db977c4ca738dd9ce508557d4fce0f5aebd105e158c725beec86feb1f6bc20d8",
                "sha256:dd5789b2948ca702c17027c84c2accb552fc30f4622a98ab5c51fcfe8c50d3e7",
                "sha256:e250a42f15bf9d5b09fe1b293bdba2801cd520a9f5ea2d7fb7536d4441811d20",
                "sha256:ff8d8fa42675249bb456f5db06c00de6c2f4c27a065955917b28c4f15978b9c3"
            ],
            "markers": "python_version >= '3.7'",
            "version": "==3.20.1"
        },
        "pyasn1": {
            "hashes": [
                "sha256:014c0e9976956a08139dc0712ae195324a75e142284d5f87f1a87ee1b068a359",
                "sha256:03840c999ba71680a131cfaee6fab142e1ed9bbd9c693e285cc6aca0d555e576",
                "sha256:0458773cfe65b153891ac249bcf1b5f8f320b7c2ce462151f8fa74de8934becf",
                "sha256:08c3c53b75eaa48d71cf8c710312316392ed40899cb34710d092e96745a358b7",
                "sha256:39c7e2ec30515947ff4e87fb6f456dfc6e84857d34be479c9d4a4ba4bf46aa5d",
                "sha256:5c9414dcfede6e441f7e8f81b43b34e834731003427e5b09e4e00e3172a10f00",
                "sha256:6e7545f1a61025a4e58bb336952c5061697da694db1cae97b116e9c46abcf7c8",
                "sha256:78fa6da68ed2727915c4767bb386ab32cdba863caa7dbe473eaae45f9959da86",
                "sha256:7ab8a544af125fb704feadb008c99a88805126fb525280b2270bb25cc1d78a12",
                "sha256:99fcc3c8d804d1bc6d9a099921e39d827026409a58f2a720dcdb89374ea0c776",
                "sha256:aef77c9fb94a3ac588e87841208bdec464471d9871bd5050a287cc9a475cd0ba",
                "sha256:e89bf84b5437b532b0803ba5c9a5e054d21fec423a89952a74f87fa2c9b7bce2",
                "sha256:fec3e9d8e36808a28efb59b489e4528c10ad0f480e57dcc32b4de5c9d8c9fdf3"
            ],
            "version": "==0.4.8"
        },
        "pyasn1-modules": {
            "hashes": [
                "sha256:0845a5582f6a02bb3e1bde9ecfc4bfcae6ec3210dd270522fee602365430c3f8",
                "sha256:0fe1b68d1e486a1ed5473f1302bd991c1611d319bba158e98b106ff86e1d7199",
                "sha256:15b7c67fabc7fc240d87fb9aabf999cf82311a6d6fb2c70d00d3d0604878c811",
                "sha256:426edb7a5e8879f1ec54a1864f16b882c2837bfd06eee62f2c982315ee2473ed",
                "sha256:65cebbaffc913f4fe9e4808735c95ea22d7a7775646ab690518c056784bc21b4",
                "sha256:905f84c712230b2c592c19470d3ca8d552de726050d1d1716282a1f6146be65e",
                "sha256:a50b808ffeb97cb3601dd25981f6b016cbb3d31fbf57a8b8a87428e6158d0c74",
                "sha256:a99324196732f53093a84c4369c996713eb8c89d360a496b599fb1a9c47fc3eb",
                "sha256:b80486a6c77252ea3a3e9b1e360bc9cf28eaac41263d173c032581ad2f20fe45",
                "sha256:c29a5e5cc7a3f05926aff34e097e84f8589cd790ce0ed41b67aed6857b26aafd",
                "sha256:cbac4bc38d117f2a49aeedec4407d23e8866ea4ac27ff2cf7fb3e5b570df19e0",
                "sha256:f39edd8c4ecaa4556e989147ebf219227e2cd2e8a43c7e7fcb1f1c18c5fd6a3d",
                "sha256:fe0644d9ab041506b62782e92b06b8c68cca799e1a9636ec398675459e031405"
            ],
            "version": "==0.2.8"
        },
        "pyjwt": {
            "hashes": [
                "sha256:72d1d253f32dbd4f5c88eaf1fdc62f3a19f676ccbadb9dbc5d07e951b2b26daf",
                "sha256:d42908208c699b3b973cbeb01a969ba6a96c821eefb1c5bfe4c390c01d67abba"
            ],
            "index": "pypi",
            "version": "==2.4.0"
        },
        "python-json-logger": {
            "hashes": [
                "sha256:f26eea7898db40609563bed0a7ca11af12e2a79858632706d835a0f961b7d398"
            ],
            "index": "pypi",
            "version": "==2.0.1"
        },
        "pytz": {
            "hashes": [
                "sha256:1e760e2fe6a8163bc0b3d9a19c4f84342afa0a2affebfaa84b01b978a02ecaa7",
                "sha256:e68985985296d9a66a881eb3193b0906246245294a881e7c8afe623866ac6a5c"
            ],
            "version": "==2022.1"
        },
        "requests": {
            "hashes": [
                "sha256:68d7c56fd5a8999887728ef304a6d12edc7be74f1cfa47714fc8b414525c9a61",
                "sha256:f22fa1e554c9ddfd16e6e41ac79759e17be9e492b3587efa038054674760e72d"
            ],
            "markers": "python_version >= '2.7' and python_version not in '3.0, 3.1, 3.2, 3.3, 3.4, 3.5'",
            "version": "==2.27.1"
        },
        "rsa": {
            "hashes": [
                "sha256:5c6bd9dc7a543b7fe4304a631f8a8a3b674e2bbfc49c2ae96200cdbe55df6b17",
                "sha256:95c5d300c4e879ee69708c428ba566c59478fd653cc3a22243eeb8ed846950bb"
            ],
            "markers": "python_version >= '3.6'",
            "version": "==4.8"
        },
        "setuptools": {
            "hashes": [
                "sha256:68e45d17c9281ba25dc0104eadd2647172b3472d9e01f911efa57965e8d51a36",
                "sha256:a43bdedf853c670e5fed28e5623403bad2f73cf02f9a2774e91def6bda8265a7"
            ],
            "markers": "python_version >= '3.7'",
            "version": "==62.3.2"
        },
        "six": {
            "hashes": [
                "sha256:1e61c37477a1626458e36f7b1d82aa5c9b094fa4802892072e49de9c60c4c926",
                "sha256:8abb2f1d86890a2dfb989f9a77cfcfd3e47c2a354b01111771326f8aa26e0254"
            ],
            "markers": "python_version >= '2.7' and python_version not in '3.0, 3.1, 3.2, 3.3'",
            "version": "==1.16.0"
        },
        "urllib3": {
            "hashes": [
                "sha256:44ece4d53fb1706f667c9bd1c648f5469a2ec925fcf3a776667042d645472c14",
                "sha256:aabaf16477806a5e1dd19aa41f8c2b7950dd3c746362d7e3223dbe6de6ac448e"
            ],
            "markers": "python_version >= '2.7' and python_version not in '3.0, 3.1, 3.2, 3.3, 3.4' and python_version < '4'",
            "version": "==1.26.9"
        }
    },
    "develop": {
        "attrs": {
            "hashes": [
                "sha256:2d27e3784d7a565d36ab851fe94887c5eccd6a463168875832a1be79c82828b4",
                "sha256:626ba8234211db98e869df76230a137c4c40a12d72445c45d5f5b716f076e2fd"
            ],
            "markers": "python_version >= '2.7' and python_version not in '3.0, 3.1, 3.2, 3.3, 3.4'",
            "version": "==21.4.0"
        },
        "coverage": {
            "hashes": [
                "sha256:00c8544510f3c98476bbd58201ac2b150ffbcce46a8c3e4fb89ebf01998f806a",
                "sha256:016d7f5cf1c8c84f533a3c1f8f36126fbe00b2ec0ccca47cc5731c3723d327c6",
                "sha256:03014a74023abaf5a591eeeaf1ac66a73d54eba178ff4cb1fa0c0a44aae70383",
                "sha256:033ebec282793bd9eb988d0271c211e58442c31077976c19c442e24d827d356f",
                "sha256:21e6686a95025927775ac501e74f5940cdf6fe052292f3a3f7349b0abae6d00f",
                "sha256:26f8f92699756cb7af2b30720de0c5bb8d028e923a95b6d0c891088025a1ac8f",
                "sha256:2e76bd16f0e31bc2b07e0fb1379551fcd40daf8cdf7e24f31a29e442878a827c",
                "sha256:341e9c2008c481c5c72d0e0dbf64980a4b2238631a7f9780b0fe2e95755fb018",
                "sha256:3cfd07c5889ddb96a401449109a8b97a165be9d67077df6802f59708bfb07720",
                "sha256:4002f9e8c1f286e986fe96ec58742b93484195defc01d5cc7809b8f7acb5ece3",
                "sha256:50ed480b798febce113709846b11f5d5ed1e529c88d8ae92f707806c50297abf",
                "sha256:543e172ce4c0de533fa892034cce260467b213c0ea8e39da2f65f9a477425211",
                "sha256:5a78cf2c43b13aa6b56003707c5203f28585944c277c1f3f109c7b041b16bd39",
                "sha256:5cd698341626f3c77784858427bad0cdd54a713115b423d22ac83a28303d1d95",
                "sha256:60c2147921da7f4d2d04f570e1838db32b95c5509d248f3fe6417e91437eaf41",
                "sha256:62d382f7d77eeeaff14b30516b17bcbe80f645f5cf02bb755baac376591c653c",
                "sha256:69432946f154c6add0e9ede03cc43b96e2ef2733110a77444823c053b1ff5166",
                "sha256:727dafd7f67a6e1cad808dc884bd9c5a2f6ef1f8f6d2f22b37b96cb0080d4f49",
                "sha256:742fb8b43835078dd7496c3c25a1ec8d15351df49fb0037bffb4754291ef30ce",
                "sha256:750e13834b597eeb8ae6e72aa58d1d831b96beec5ad1d04479ae3772373a8088",
                "sha256:7b546cf2b1974ddc2cb222a109b37c6ed1778b9be7e6b0c0bc0cf0438d9e45a6",
                "sha256:83bd142cdec5e4a5c4ca1d4ff6fa807d28460f9db919f9f6a31babaaa8b88426",
                "sha256:8d2e80dd3438e93b19e1223a9850fa65425e77f2607a364b6fd134fcd52dc9df",
                "sha256:9229d074e097f21dfe0643d9d0140ee7433814b3f0fc3706b4abffd1e3038632",
                "sha256:968ed5407f9460bd5a591cefd1388cc00a8f5099de9e76234655ae48cfdbe2c3",
                "sha256:9c82f2cd69c71698152e943f4a5a6b83a3ab1db73b88f6e769fabc86074c3b08",
                "sha256:a00441f5ea4504f5abbc047589d09e0dc33eb447dc45a1a527c8b74bfdd32c65",
                "sha256:a022394996419142b33a0cf7274cb444c01d2bb123727c4bb0b9acabcb515dea",
                "sha256:af5b9ee0fc146e907aa0f5fb858c3b3da9199d78b7bb2c9973d95550bd40f701",
                "sha256:b5578efe4038be02d76c344007b13119b2b20acd009a88dde8adec2de4f630b5",
                "sha256:b84ab65444dcc68d761e95d4d70f3cfd347ceca5a029f2ffec37d4f124f61311",
                "sha256:c53ad261dfc8695062fc8811ac7c162bd6096a05a19f26097f411bdf5747aee7",
                "sha256:cc173f1ce9ffb16b299f51c9ce53f66a62f4d975abe5640e976904066f3c835d",
                "sha256:d548edacbf16a8276af13063a2b0669d58bbcfca7c55a255f84aac2870786a61",
                "sha256:d55fae115ef9f67934e9f1103c9ba826b4c690e4c5bcf94482b8b2398311bf9c",
                "sha256:d8099ea680201c2221f8468c372198ceba9338a5fec0e940111962b03b3f716a",
                "sha256:e35217031e4b534b09f9b9a5841b9344a30a6357627761d4218818b865d45055",
                "sha256:e4f52c272fdc82e7c65ff3f17a7179bc5f710ebc8ce8a5cadac81215e8326740",
                "sha256:e637ae0b7b481905358624ef2e81d7fb0b1af55f5ff99f9ba05442a444b11e45",
                "sha256:eef5292b60b6de753d6e7f2d128d5841c7915fb1e3321c3a1fe6acfe76c38052",
                "sha256:fb45fe08e1abc64eb836d187b20a59172053999823f7f6ef4f18a819c44ba16f"
            ],
            "markers": "python_version >= '3.7'",
            "version": "==6.4"
        },
        "flake8": {
            "hashes": [
                "sha256:749dbbd6bfd0cf1318af27bf97a14e28e5ff548ef8e5b1566ccfb25a11e7c839",
                "sha256:aadae8761ec651813c24be05c6f7b4680857ef6afaae4651a4eccaef97ce6c3b"
            ],
            "index": "pypi",
            "version": "==3.8.4"
        },
        "importlib-metadata": {
            "hashes": [
                "sha256:5d26852efe48c0a32b0509ffbc583fda1a2266545a78d104a6f4aff3db17d700",
                "sha256:c58c8eb8a762858f49e18436ff552e83914778e50e9d2f1660535ffb364552ec"
            ],
            "markers": "python_version < '3.8'",
            "version": "==4.11.4"
        },
        "iniconfig": {
            "hashes": [
                "sha256:011e24c64b7f47f6ebd835bb12a743f2fbe9a26d4cecaa7f53bc4f35ee9da8b3",
                "sha256:bc3af051d7d14b2ee5ef9969666def0cd1a000e121eaea580d4a313df4b37f32"
            ],
            "version": "==1.1.1"
        },
        "jedi": {
            "hashes": [
                "sha256:86ed7d9b750603e4ba582ea8edc678657fb4007894a12bcf6f4bb97892f31d20",
                "sha256:98cc583fa0f2f8304968199b01b6b4b94f469a1f4a74c1560506ca2a211378b5"
            ],
            "markers": "python_version >= '2.7' and python_version not in '3.0, 3.1, 3.2, 3.3, 3.4'",
            "version": "==0.17.2"
        },
        "mccabe": {
            "hashes": [
                "sha256:ab8a6258860da4b6677da4bd2fe5dc2c659cff31b3ee4f7f5d64e79735b80d42",
                "sha256:dd8d182285a0fe56bace7f45b5e7d1a6ebcbf524e8f3bd87eb0f125271b8831f"
            ],
            "version": "==0.6.1"
        },
        "packaging": {
            "hashes": [
                "sha256:dd47c42927d89ab911e606518907cc2d3a1f38bbd026385970643f9c5b8ecfeb",
                "sha256:ef103e05f519cdc783ae24ea4e2e0f508a9c99b2d4969652eed6a2e1ea5bd522"
            ],
            "markers": "python_version >= '3.6'",
            "version": "==21.3"
        },
        "parso": {
            "hashes": [
                "sha256:97218d9159b2520ff45eb78028ba8b50d2bc61dcc062a9682666f2dc4bd331ea",
                "sha256:caba44724b994a8a5e086460bb212abc5a8bc46951bf4a9a1210745953622eb9"
            ],
            "markers": "python_version >= '2.7' and python_version not in '3.0, 3.1, 3.2, 3.3'",
            "version": "==0.7.1"
        },
        "pluggy": {
            "hashes": [
                "sha256:15b2acde666561e1298d71b523007ed7364de07029219b604cf808bfa1c765b0",
                "sha256:966c145cd83c96502c3c3868f50408687b38434af77734af1e9ca461a4081d2d"
            ],
            "markers": "python_version >= '2.7' and python_version not in '3.0, 3.1, 3.2, 3.3'",
            "version": "==0.13.1"
        },
        "py": {
            "hashes": [
                "sha256:51c75c4126074b472f746a24399ad32f6053d1b34b68d2fa41e558e6f4a98719",
                "sha256:607c53218732647dff4acdfcd50cb62615cedf612e72d1724fb1a0cc6405b378"
            ],
            "markers": "python_version >= '2.7' and python_version not in '3.0, 3.1, 3.2, 3.3, 3.4'",
            "version": "==1.11.0"
        },
        "pycodestyle": {
            "hashes": [
                "sha256:2295e7b2f6b5bd100585ebcb1f616591b652db8a741695b3d8f5d28bdc934367",
                "sha256:c58a7d2815e0e8d7972bf1803331fb0152f867bd89adf8a01dfd55085434192e"
            ],
            "markers": "python_version >= '2.7' and python_version not in '3.0, 3.1, 3.2, 3.3'",
            "version": "==2.6.0"
        },
        "pydocstyle": {
            "hashes": [
                "sha256:1d41b7c459ba0ee6c345f2eb9ae827cab14a7533a88c5c6f7e94923f72df92dc",
                "sha256:6987826d6775056839940041beef5c08cc7e3d71d63149b48e36727f70144dc4"
            ],
            "version": "==6.1.1"
        },
        "pyflakes": {
            "hashes": [
                "sha256:0d94e0e05a19e57a99444b6ddcf9a6eb2e5c68d3ca1e98e90707af8152c90a92",
                "sha256:35b2d75ee967ea93b55750aa9edbbf72813e06a66ba54438df2cfac9e3c27fc8"
            ],
            "markers": "python_version >= '2.7' and python_version not in '3.0, 3.1, 3.2, 3.3'",
            "version": "==2.2.0"
        },
        "pyparsing": {
            "hashes": [
                "sha256:2b020ecf7d21b687f219b71ecad3631f644a47f01403fa1d1036b0c6416d70fb",
                "sha256:5026bae9a10eeaefb61dab2f09052b9f4307d44aee4eda64b309723d8d206bbc"
            ],
            "markers": "python_full_version >= '3.6.8'",
            "version": "==3.0.9"
        },
        "pytest": {
            "hashes": [
                "sha256:4288fed0d9153d9646bfcdf0c0428197dba1ecb27a33bb6e031d002fa88653fe",
                "sha256:c0a7e94a8cdbc5422a51ccdad8e6f1024795939cc89159a0ae7f0b316ad3823e"
            ],
            "index": "pypi",
            "version": "==6.1.2"
        },
        "pytest-cov": {
            "hashes": [
                "sha256:45ec2d5182f89a81fc3eb29e3d1ed3113b9e9a873bcddb2a71faaab066110191",
                "sha256:47bd0ce14056fdd79f93e1713f88fad7bdcc583dcd7783da86ef2f085a0bb88e"
            ],
            "index": "pypi",
            "version": "==2.10.1"
        },
        "python-jsonrpc-server": {
            "hashes": [
                "sha256:62c543e541f101ec5b57dc654efc212d2c2e3ea47ff6f54b2e7dcb36ecf20595",
                "sha256:e5a908ff182e620aac07db5f57887eeb0afe33993008f57dc1b85b594cea250c"
            ],
            "version": "==0.4.0"
        },
        "python-language-server": {
            "extras": [
                "mccabe",
                "pycodestyle",
                "pydocstyle",
                "pyflakes",
                "rope"
            ],
            "hashes": [
                "sha256:6e0c9a3b2ae98e0eb22e98ed6b3c4e190a6bf9e27af53efd2396da60cd92b221",
                "sha256:7051090259e3e81c0cdb140de8e32b8f11219808cda4427e6faf61f9ff9a3bf4"
            ],
            "index": "pypi",
            "version": "==0.35.1"
        },
        "rope": {
            "hashes": [
                "sha256:16f652d3002296778d463db329da6a05d914a4dbde30ea6da76362da06c0ebb7",
                "sha256:67749b582d57954f288b0441fae93e8f4c166d7e93fc29c430bd4db28ec904d0"
            ],
            "version": "==1.0.0"
        },
        "snowballstemmer": {
            "hashes": [
                "sha256:09b16deb8547d3412ad7b590689584cd0fe25ec8db3be37788be3810cbf19cb1",
                "sha256:c8e1716e83cc398ae16824e5572ae04e0d9fc2c6b985fb0f900f5f0c96ecba1a"
            ],
            "version": "==2.2.0"
        },
        "toml": {
            "hashes": [
                "sha256:806143ae5bfb6a3c6e736a764057db0e6a0e05e338b5630894a5f779cabb4f9b",
                "sha256:b3bda1d108d5dd99f4a20d24d9c348e91c4db7ab1b749200bded2f839ccbe68f"
            ],
            "markers": "python_version >= '2.6' and python_version not in '3.0, 3.1, 3.2, 3.3'",
            "version": "==0.10.2"
        },
        "typing-extensions": {
            "hashes": [
                "sha256:6657594ee297170d19f67d55c05852a874e7eb634f4f753dbd667855e07c1708",
                "sha256:f1c24655a0da0d1b67f07e17a5e6b2a105894e6824b92096378bb3668ef02376"
            ],
            "markers": "python_version < '3.8'",
            "version": "==4.2.0"
        },
        "ujson": {
            "hashes": [
                "sha256:034c07399dff35385ecc53caf9b1f12b3e203834de27b723daeb2cbb3e02ee7f",
                "sha256:089965f964d17905c48cdca88b982d525165e549b438ac86f194c6a9d852fd69",
                "sha256:1358621686ddfda55171fc98c171bf5b1a80ce4d444134b70e1e449925fa014f",
                "sha256:151faa9085c10351a04aea959a2bc25dfa2e21af26d9b614a221d045b7923ea4",
                "sha256:285082924747958aa69e1dc2146c01db6b0921a0bb04b595beefe7fcffaffaf9",
                "sha256:287dea79473ce4941598c45dc34f9f692d48d7863b451541c5ce960ab54465fb",
                "sha256:2db7cbe415d7329b9bff029a83851d1077836ec728fe1c32be34c9c3a5017ab2",
                "sha256:34592a3c9370745b093ebca60aee6d32f8e7abe3d5c12d54c7dba0b2f81cd863",
                "sha256:47bf966e1041ae8e568d7e8eb421d72d0521c30c28306b76c256832553e316c6",
                "sha256:48bed7c1f95484644a2cc658efff4d1e75b8c806f6ef2b5c815f59e1cbe0d039",
                "sha256:4dc79db757b0dfa23a111a4573827a6ef57de65dbe8cdb202e45cf9ddf06aad5",
                "sha256:510c3705b29bc3753ec9e6073b99000160320c1cf6e035884295401acb474dfa",
                "sha256:5192505798a5734a85c763eff11e6f6072d3595c337b52f72922b4e22fe66e2e",
                "sha256:522b1d60872bb6368c14ac538adb55ca9d6c39a7a962832819ef1aafb3446ff5",
                "sha256:563b7ed1e789f763410c49e6fab51d61982eb94088b25338e65b89ad20b6b107",
                "sha256:5700a179abacbdc8609737e595a598b7f107cd68615ded3f922f4c0d4b6009d6",
                "sha256:5a87e1c05f1efc23c67bfa26be79f12c1f59f71a586b396068d5cf7eb78a2635",
                "sha256:612015c6e5a9bf041b89f1eaa8ab8682469b3a745a00c7c95bbbee8080f6b346",
                "sha256:66f857d8b8d7ea44e3fd5f2b7e471334f24b735423729771f5a7a7f69ab645ed",
                "sha256:6aba1e39ffdd83ec14832ea25bbb18266fea46bc69b8c0acbd996495826c0e6f",
                "sha256:6c5d19fbdd29d5080926c863ba89591a2d3dbf592ea35b456cb2996004433d11",
                "sha256:73636001055667bbcc6a73b232da1d272f68a49a1f192efbe99e99ddf8ef1d21",
                "sha256:7455fc3d69315149b95fd011c01496a5e9442c9e7c4d202bed87c5c2e449ed05",
                "sha256:7d2cb50aa526032b8812975c3832058763ee50e1dc3a1302431ed9d0922c3a1b",
                "sha256:865225a85e4ce48754d0036fdc0eb796b4aaf4f1e928f0efb9b4e1c081647a4c",
                "sha256:8a2cbb044bc6e6764b9a089a2079432b8bd576dbff5faa808b562a8f3c97452b",
                "sha256:8c734982d6560356c173817576a1f3fa074a2d2b993e63bffa69105ae9ec144b",
                "sha256:8dd74570fe59c738d4dc12d44eb89538b0b01fae9dda6cfe3ff3f6934877cf35",
                "sha256:972c1850cc52e57ccdea70e3c069e2da5c6090e3ee18d167dff2618a8d7dd127",
                "sha256:a014531468b78c031aa04e5ca8b64385a6edb48a2e66ebf11093213c678fc383",
                "sha256:a4fe193050b519ace09f7d053def30b99deadf650c18a8a874ea0f6c9a2992bc",
                "sha256:a609bb1cdda9748e6a8363039926dee5ea2bcc073412279615560b967f92a524",
                "sha256:a68d5a8a46712ffe86db8ae1b4311714db534725521c71fd4c9e1cd062dae9a4",
                "sha256:a720b6eff73415249a3dd02e2b1b337de31bb9fa8220bd572dffba23066e538c",
                "sha256:a933b3a238a48162c382e0ac338b97663d044b0485021b6670565a81e7b7ec98",
                "sha256:ab938777b3ac0372231ee654a7f6a13787e587b1ca268d8aa7e6fb6846e477d0",
                "sha256:b3e6431812d8008dce7b2546b1276f649f6c9aa44617762ebd3529a25092816c",
                "sha256:b926f2f7a266db8f2c46498f0c2c9fcc7e53c8e0fa8bff7f08ad9c044723a2ec",
                "sha256:bad1471ccfa8d100a0bc513c6db587c38de99384f2aa54eec1016a131d63d3d9",
                "sha256:c1408ea1704017289c3023928065233b90953aae3e1d7d06d6d6db667e9fe159",
                "sha256:c5696c99a7dd567566c18490e8e346b2657967feb1e3c2004e91dbb253db0894",
                "sha256:ca5eced4ae4ba1e2c9539fca6451694d31e0243de2acfcd6965e2b6e159ba29b",
                "sha256:d1fab398734634f4b412512ed230d45522fc9f3dd9ca169f579474a491f662aa",
                "sha256:d45e86101a5cddd295d5870b02244fc87ecd9b8936f440acbd2bb30b4c1fe23c",
                "sha256:d4830c8df958c45c16dfc43c8353403efd7f1a8e39b91a7e0e848d55b7fa8b48",
                "sha256:d553f31bceda492c2bda37f48873820d28f07608ae14409c5e9d6c3aa6694840",
                "sha256:decd32e8d7f934dde484e43431f60b069e87bb30a3a7e186cb6bd69caa0418f3",
                "sha256:e7961c493a982c03cffc9ce4dc2b23bed1375352296f946cc36ddeb5145fa62c",
                "sha256:ed9809bc36292e0d3632d50aae497b5827c1a2e07158f7d4d5c53e8e8662bf66",
                "sha256:f615ee181b813c8f50a57d55354d0c0304a0be066962efdbef6f44517b26e3b2"
            ],
            "markers": "python_version >= '3.1'",
            "version": "==5.3.0"
        },
        "zipp": {
            "hashes": [
                "sha256:56bf8aadb83c24db6c4b577e13de374ccfb67da2078beba1d037c17980bf43ad",
                "sha256:c4f6e5bbf48e74f7a38e7cc5b0480ff42b0ae5178957d564d18932525d5cf099"
            ],
            "markers": "python_version >= '3.7'",
            "version": "==3.8.0"
        }
    }
}
