{
    "_meta": {
        "hash": {
            "sha256": "63e47ba6a1534e88f15652e7bcdf0ef1db44503d04efba8a2b32accd1e509a2a"
        },
        "pipfile-spec": 6,
        "requires": {
            "python_version": "3.7"
        },
        "sources": [
            {
                "name": "pypi",
                "url": "https://pypi.org/simple",
                "verify_ssl": true
            }
        ]
    },
    "default": {
        "cachetools": {
            "hashes": [
                "sha256:89ea6f1b638d5a73a4f9226be57ac5e4f399d22770b92355f92dcb0f7f001693",
                "sha256:92971d3cb7d2a97efff7c7bb1657f21a8f5fb309a37530537c71b1774189f2d1"
            ],
            "markers": "python_version ~= '3.5'",
            "version": "==4.2.4"
        },
        "certifi": {
            "hashes": [
                "sha256:84c85a9078b11105f04f3036a9482ae10e4621616db313fe045dd24743a0820d",
                "sha256:fe86415d55e84719d75f8b69414f6438ac3547d2078ab91b67e779ef69378412"
            ],
            "markers": "python_version >= '3.6'",
            "version": "==2022.6.15"
        },
        "charset-normalizer": {
            "hashes": [
                "sha256:5189b6f22b01957427f35b6a08d9a0bc45b46d3788ef5a92e978433c7a35f8a5",
                "sha256:575e708016ff3a5e3681541cb9d79312c416835686d054a23accb873b254f413"
            ],
            "markers": "python_version >= '3.6'",
            "version": "==2.1.0"
        },
        "google-api-core": {
            "hashes": [
                "sha256:1bb3c485c38eacded8d685b1759968f6cf47dd9432922d34edb90359eaa391e2",
                "sha256:94d8c707d358d8d9e8b0045c42be20efb58433d308bd92cf748511c7825569c8"
            ],
            "index": "pypi",
            "version": "==1.23.0"
        },
        "google-auth": {
            "hashes": [
                "sha256:997516b42ecb5b63e8d80f5632c1a61dddf41d2a4c2748057837e06e00014258",
                "sha256:b7033be9028c188ee30200b204ea00ed82ea1162e8ac1df4aa6ded19a191d88e"
            ],
            "markers": "python_version >= '2.7' and python_version not in '3.0, 3.1, 3.2, 3.3, 3.4, 3.5'",
            "version": "==1.35.0"
        },
        "googleapis-common-protos": {
            "hashes": [
                "sha256:6f1369b58ed6cf3a4b7054a44ebe8d03b29c309257583a2bbdc064cd1e4a1442",
                "sha256:87955d7b3a73e6e803f2572a33179de23989ebba725e05ea42f24838b792e461"
            ],
            "markers": "python_version >= '3.6'",
            "version": "==1.56.3"
        },
        "idna": {
            "hashes": [
                "sha256:84d9dd047ffa80596e0f246e2eab0b391788b0503584e8945f2368256d2735ff",
                "sha256:9d643ff0a55b762d5cdb124b8eaa99c66322e2157b69160bc32796e824360e6d"
            ],
            "markers": "python_version >= '3.5'",
            "version": "==3.3"
        },
        "protobuf": {
            "hashes": [
                "sha256:095fda15fe04a79c9f0edab09b424be46dd057b15986d235b84c8cea91659df7",
                "sha256:29eaf8e9db33bc3bae14576ad61370aa2b64ea5d6e6cd705042692e5e0404b10",
                "sha256:4758b9c22ad0486639a68cea58d38571f233019a73212d78476ec648f68a49a3",
                "sha256:57a593e40257ab4f164fe6e171651b1386c98f8ec5f5a8643642889c50d4f3c4",
                "sha256:5f8c7488e74024fa12b46aab4258f707d7d6e94c8d322d7c45cc13770f66ab59",
                "sha256:7b2dcca25d88ec77358eed3d031c8260b5bf3023fff03a31c9584591c5910833",
                "sha256:853708afc3a7eed4df28a8d4bd4812f829f8d736c104dd8d584ccff27969e311",
                "sha256:863f65e137d9de4a76cac39ae731a19bea1c30997f512ecf0dc9348112313401",
                "sha256:9b42afb67e19010cdda057e439574ccd944902ea14b0d52ba0bfba2aad50858d",
                "sha256:b82ac05b0651a4d2b9d56f5aeef3d711f5858eb4b71c13d77553739e5930a74a",
                "sha256:d622dc75e289e8b3031dd8b4e87df508f11a6b3d86a49fb50256af7ce030d35b",
                "sha256:e3d3df3292ab4bae85213b9ebef566b5aedb45f97425a92fac5b2e431d31e71c",
                "sha256:ef0768a609a02b2b412fa0f59f1242f1597e9bb15188d043f3fde09115ca6c69",
                "sha256:f2f43ae8dff452aee3026b59ea0a09245ab2529a55a0984992e76bcf848610e1"
            ],
            "markers": "python_version >= '3.7'",
            "version": "==4.21.2"
        },
        "pyasn1": {
            "hashes": [
                "sha256:014c0e9976956a08139dc0712ae195324a75e142284d5f87f1a87ee1b068a359",
                "sha256:03840c999ba71680a131cfaee6fab142e1ed9bbd9c693e285cc6aca0d555e576",
                "sha256:0458773cfe65b153891ac249bcf1b5f8f320b7c2ce462151f8fa74de8934becf",
                "sha256:08c3c53b75eaa48d71cf8c710312316392ed40899cb34710d092e96745a358b7",
                "sha256:39c7e2ec30515947ff4e87fb6f456dfc6e84857d34be479c9d4a4ba4bf46aa5d",
                "sha256:5c9414dcfede6e441f7e8f81b43b34e834731003427e5b09e4e00e3172a10f00",
                "sha256:6e7545f1a61025a4e58bb336952c5061697da694db1cae97b116e9c46abcf7c8",
                "sha256:78fa6da68ed2727915c4767bb386ab32cdba863caa7dbe473eaae45f9959da86",
                "sha256:7ab8a544af125fb704feadb008c99a88805126fb525280b2270bb25cc1d78a12",
                "sha256:99fcc3c8d804d1bc6d9a099921e39d827026409a58f2a720dcdb89374ea0c776",
                "sha256:aef77c9fb94a3ac588e87841208bdec464471d9871bd5050a287cc9a475cd0ba",
                "sha256:e89bf84b5437b532b0803ba5c9a5e054d21fec423a89952a74f87fa2c9b7bce2",
                "sha256:fec3e9d8e36808a28efb59b489e4528c10ad0f480e57dcc32b4de5c9d8c9fdf3"
            ],
            "version": "==0.4.8"
        },
        "pyasn1-modules": {
            "hashes": [
                "sha256:0845a5582f6a02bb3e1bde9ecfc4bfcae6ec3210dd270522fee602365430c3f8",
                "sha256:0fe1b68d1e486a1ed5473f1302bd991c1611d319bba158e98b106ff86e1d7199",
                "sha256:15b7c67fabc7fc240d87fb9aabf999cf82311a6d6fb2c70d00d3d0604878c811",
                "sha256:426edb7a5e8879f1ec54a1864f16b882c2837bfd06eee62f2c982315ee2473ed",
                "sha256:65cebbaffc913f4fe9e4808735c95ea22d7a7775646ab690518c056784bc21b4",
                "sha256:905f84c712230b2c592c19470d3ca8d552de726050d1d1716282a1f6146be65e",
                "sha256:a50b808ffeb97cb3601dd25981f6b016cbb3d31fbf57a8b8a87428e6158d0c74",
                "sha256:a99324196732f53093a84c4369c996713eb8c89d360a496b599fb1a9c47fc3eb",
                "sha256:b80486a6c77252ea3a3e9b1e360bc9cf28eaac41263d173c032581ad2f20fe45",
                "sha256:c29a5e5cc7a3f05926aff34e097e84f8589cd790ce0ed41b67aed6857b26aafd",
                "sha256:cbac4bc38d117f2a49aeedec4407d23e8866ea4ac27ff2cf7fb3e5b570df19e0",
                "sha256:f39edd8c4ecaa4556e989147ebf219227e2cd2e8a43c7e7fcb1f1c18c5fd6a3d",
                "sha256:fe0644d9ab041506b62782e92b06b8c68cca799e1a9636ec398675459e031405"
            ],
            "version": "==0.2.8"
        },
        "pyjwt": {
            "hashes": [
                "sha256:5c6eca3c2940464d106b99ba83b00c6add741c9becaec087fb7ccdefea71350e",
                "sha256:8d59a976fb773f3e6a39c85636357c4f0e242707394cadadd9814f5cbaa20e96"
            ],
            "index": "pypi",
            "version": "==1.7.1"
        },
        "python-json-logger": {
            "hashes": [
                "sha256:f26eea7898db40609563bed0a7ca11af12e2a79858632706d835a0f961b7d398"
            ],
            "index": "pypi",
            "version": "==2.0.1"
        },
        "pytz": {
            "hashes": [
                "sha256:1e760e2fe6a8163bc0b3d9a19c4f84342afa0a2affebfaa84b01b978a02ecaa7",
                "sha256:e68985985296d9a66a881eb3193b0906246245294a881e7c8afe623866ac6a5c"
            ],
            "version": "==2022.1"
        },
        "requests": {
            "hashes": [
                "sha256:7c5599b102feddaa661c826c56ab4fee28bfd17f5abca1ebbe3e7f19d7c97983",
                "sha256:8fefa2a1a1365bf5520aac41836fbee479da67864514bdb821f31ce07ce65349"
            ],
            "markers": "python_version >= '3.7' and python_version < '4'",
            "version": "==2.28.1"
        },
        "rsa": {
            "hashes": [
                "sha256:5c6bd9dc7a543b7fe4304a631f8a8a3b674e2bbfc49c2ae96200cdbe55df6b17",
                "sha256:95c5d300c4e879ee69708c428ba566c59478fd653cc3a22243eeb8ed846950bb"
            ],
            "markers": "python_version >= '3.6'",
            "version": "==4.8"
        },
        "setuptools": {
            "hashes": [
                "sha256:16923d366ced322712c71ccb97164d07472abeecd13f3a6c283f6d5d26722793",
                "sha256:db3b8e2f922b2a910a29804776c643ea609badb6a32c4bcc226fd4fd902cce65"
            ],
            "markers": "python_version >= '3.7'",
            "version": "==63.1.0"
        },
        "six": {
            "hashes": [
                "sha256:1e61c37477a1626458e36f7b1d82aa5c9b094fa4802892072e49de9c60c4c926",
                "sha256:8abb2f1d86890a2dfb989f9a77cfcfd3e47c2a354b01111771326f8aa26e0254"
            ],
            "markers": "python_version >= '2.7' and python_version not in '3.0, 3.1, 3.2, 3.3'",
            "version": "==1.16.0"
        },
        "urllib3": {
            "hashes": [
                "sha256:44ece4d53fb1706f667c9bd1c648f5469a2ec925fcf3a776667042d645472c14",
                "sha256:aabaf16477806a5e1dd19aa41f8c2b7950dd3c746362d7e3223dbe6de6ac448e"
            ],
            "markers": "python_version >= '2.7' and python_version not in '3.0, 3.1, 3.2, 3.3, 3.4' and python_version < '4'",
            "version": "==1.26.9"
        }
    },
    "develop": {
        "attrs": {
            "hashes": [
                "sha256:2d27e3784d7a565d36ab851fe94887c5eccd6a463168875832a1be79c82828b4",
                "sha256:626ba8234211db98e869df76230a137c4c40a12d72445c45d5f5b716f076e2fd"
            ],
            "markers": "python_version >= '2.7' and python_version not in '3.0, 3.1, 3.2, 3.3, 3.4'",
            "version": "==21.4.0"
        },
        "coverage": {
            "hashes": [
                "sha256:01c5615d13f3dd3aa8543afc069e5319cfa0c7d712f6e04b920431e5c564a749",
                "sha256:106c16dfe494de3193ec55cac9640dd039b66e196e4641fa8ac396181578b982",
                "sha256:129cd05ba6f0d08a766d942a9ed4b29283aff7b2cccf5b7ce279d50796860bb3",
                "sha256:145f296d00441ca703a659e8f3eb48ae39fb083baba2d7ce4482fb2723e050d9",
                "sha256:1480ff858b4113db2718848d7b2d1b75bc79895a9c22e76a221b9d8d62496428",
                "sha256:269eaa2c20a13a5bf17558d4dc91a8d078c4fa1872f25303dddcbba3a813085e",
                "sha256:26dff09fb0d82693ba9e6231248641d60ba606150d02ed45110f9ec26404ed1c",
                "sha256:2bd9a6fc18aab8d2e18f89b7ff91c0f34ff4d5e0ba0b33e989b3cd4194c81fd9",
                "sha256:309ce4a522ed5fca432af4ebe0f32b21d6d7ccbb0f5fcc99290e71feba67c264",
                "sha256:3384f2a3652cef289e38100f2d037956194a837221edd520a7ee5b42d00cc605",
                "sha256:342d4aefd1c3e7f620a13f4fe563154d808b69cccef415415aece4c786665397",
                "sha256:39ee53946bf009788108b4dd2894bf1349b4e0ca18c2016ffa7d26ce46b8f10d",
                "sha256:4321f075095a096e70aff1d002030ee612b65a205a0a0f5b815280d5dc58100c",
                "sha256:4803e7ccf93230accb928f3a68f00ffa80a88213af98ed338a57ad021ef06815",
                "sha256:4ce1b258493cbf8aec43e9b50d89982346b98e9ffdfaae8ae5793bc112fb0068",
                "sha256:664a47ce62fe4bef9e2d2c430306e1428ecea207ffd68649e3b942fa8ea83b0b",
                "sha256:75ab269400706fab15981fd4bd5080c56bd5cc07c3bccb86aab5e1d5a88dc8f4",
                "sha256:83c4e737f60c6936460c5be330d296dd5b48b3963f48634c53b3f7deb0f34ec4",
                "sha256:84631e81dd053e8a0d4967cedab6db94345f1c36107c71698f746cb2636c63e3",
                "sha256:84e65ef149028516c6d64461b95a8dbcfce95cfd5b9eb634320596173332ea84",
                "sha256:865d69ae811a392f4d06bde506d531f6a28a00af36f5c8649684a9e5e4a85c83",
                "sha256:87f4f3df85aa39da00fd3ec4b5abeb7407e82b68c7c5ad181308b0e2526da5d4",
                "sha256:8c08da0bd238f2970230c2a0d28ff0e99961598cb2e810245d7fc5afcf1254e8",
                "sha256:961e2fb0680b4f5ad63234e0bf55dfb90d302740ae9c7ed0120677a94a1590cb",
                "sha256:9b3e07152b4563722be523e8cd0b209e0d1a373022cfbde395ebb6575bf6790d",
                "sha256:a7f3049243783df2e6cc6deafc49ea123522b59f464831476d3d1448e30d72df",
                "sha256:bf5601c33213d3cb19d17a796f8a14a9eaa5e87629a53979a5981e3e3ae166f6",
                "sha256:cec3a0f75c8f1031825e19cd86ee787e87cf03e4fd2865c79c057092e69e3a3b",
                "sha256:d42c549a8f41dc103a8004b9f0c433e2086add8a719da00e246e17cbe4056f72",
                "sha256:d67d44996140af8b84284e5e7d398e589574b376fb4de8ccd28d82ad8e3bea13",
                "sha256:d9c80df769f5ec05ad21ea34be7458d1dc51ff1fb4b2219e77fe24edf462d6df",
                "sha256:e57816f8ffe46b1df8f12e1b348f06d164fd5219beba7d9433ba79608ef011cc",
                "sha256:ee2ddcac99b2d2aec413e36d7a429ae9ebcadf912946b13ffa88e7d4c9b712d6",
                "sha256:f02cbbf8119db68455b9d763f2f8737bb7db7e43720afa07d8eb1604e5c5ae28",
                "sha256:f1d5aa2703e1dab4ae6cf416eb0095304f49d004c39e9db1d86f57924f43006b",
                "sha256:f5b66caa62922531059bc5ac04f836860412f7f88d38a476eda0a6f11d4724f4",
                "sha256:f69718750eaae75efe506406c490d6fc5a6161d047206cc63ce25527e8a3adad",
                "sha256:fb73e0011b8793c053bfa85e53129ba5f0250fdc0392c1591fd35d915ec75c46",
                "sha256:fd180ed867e289964404051a958f7cccabdeed423f91a899829264bb7974d3d3",
                "sha256:fdb6f7bd51c2d1714cea40718f6149ad9be6a2ee7d93b19e9f00934c0f2a74d9",
                "sha256:ffa9297c3a453fba4717d06df579af42ab9a28022444cae7fa605af4df612d54"
            ],
            "markers": "python_version >= '3.7'",
            "version": "==6.4.1"
        },
        "flake8": {
            "hashes": [
                "sha256:749dbbd6bfd0cf1318af27bf97a14e28e5ff548ef8e5b1566ccfb25a11e7c839",
                "sha256:aadae8761ec651813c24be05c6f7b4680857ef6afaae4651a4eccaef97ce6c3b"
            ],
            "index": "pypi",
            "version": "==3.8.4"
        },
        "importlib-metadata": {
            "hashes": [
                "sha256:637245b8bab2b6502fcbc752cc4b7a6f6243bb02b31c5c26156ad103d3d45670",
                "sha256:7401a975809ea1fdc658c3aa4f78cc2195a0e019c5cbc4c06122884e9ae80c23"
            ],
            "markers": "python_version < '3.8'",
            "version": "==4.12.0"
        },
        "iniconfig": {
            "hashes": [
                "sha256:011e24c64b7f47f6ebd835bb12a743f2fbe9a26d4cecaa7f53bc4f35ee9da8b3",
                "sha256:bc3af051d7d14b2ee5ef9969666def0cd1a000e121eaea580d4a313df4b37f32"
            ],
            "version": "==1.1.1"
        },
        "jedi": {
            "hashes": [
                "sha256:86ed7d9b750603e4ba582ea8edc678657fb4007894a12bcf6f4bb97892f31d20",
                "sha256:98cc583fa0f2f8304968199b01b6b4b94f469a1f4a74c1560506ca2a211378b5"
            ],
            "markers": "python_version >= '2.7' and python_version not in '3.0, 3.1, 3.2, 3.3, 3.4'",
            "version": "==0.17.2"
        },
        "mccabe": {
            "hashes": [
                "sha256:ab8a6258860da4b6677da4bd2fe5dc2c659cff31b3ee4f7f5d64e79735b80d42",
                "sha256:dd8d182285a0fe56bace7f45b5e7d1a6ebcbf524e8f3bd87eb0f125271b8831f"
            ],
            "version": "==0.6.1"
        },
        "packaging": {
            "hashes": [
                "sha256:dd47c42927d89ab911e606518907cc2d3a1f38bbd026385970643f9c5b8ecfeb",
                "sha256:ef103e05f519cdc783ae24ea4e2e0f508a9c99b2d4969652eed6a2e1ea5bd522"
            ],
            "markers": "python_version >= '3.6'",
            "version": "==21.3"
        },
        "parso": {
            "hashes": [
                "sha256:97218d9159b2520ff45eb78028ba8b50d2bc61dcc062a9682666f2dc4bd331ea",
                "sha256:caba44724b994a8a5e086460bb212abc5a8bc46951bf4a9a1210745953622eb9"
            ],
            "markers": "python_version >= '2.7' and python_version not in '3.0, 3.1, 3.2, 3.3'",
            "version": "==0.7.1"
        },
        "pluggy": {
            "hashes": [
                "sha256:15b2acde666561e1298d71b523007ed7364de07029219b604cf808bfa1c765b0",
                "sha256:966c145cd83c96502c3c3868f50408687b38434af77734af1e9ca461a4081d2d"
            ],
            "markers": "python_version >= '2.7' and python_version not in '3.0, 3.1, 3.2, 3.3'",
            "version": "==0.13.1"
        },
        "py": {
            "hashes": [
                "sha256:51c75c4126074b472f746a24399ad32f6053d1b34b68d2fa41e558e6f4a98719",
                "sha256:607c53218732647dff4acdfcd50cb62615cedf612e72d1724fb1a0cc6405b378"
            ],
            "markers": "python_version >= '2.7' and python_version not in '3.0, 3.1, 3.2, 3.3, 3.4'",
            "version": "==1.11.0"
        },
        "pycodestyle": {
            "hashes": [
                "sha256:2295e7b2f6b5bd100585ebcb1f616591b652db8a741695b3d8f5d28bdc934367",
                "sha256:c58a7d2815e0e8d7972bf1803331fb0152f867bd89adf8a01dfd55085434192e"
            ],
            "markers": "python_version >= '2.7' and python_version not in '3.0, 3.1, 3.2, 3.3'",
            "version": "==2.6.0"
        },
        "pydocstyle": {
            "hashes": [
                "sha256:1d41b7c459ba0ee6c345f2eb9ae827cab14a7533a88c5c6f7e94923f72df92dc",
                "sha256:6987826d6775056839940041beef5c08cc7e3d71d63149b48e36727f70144dc4"
            ],
            "version": "==6.1.1"
        },
        "pyflakes": {
            "hashes": [
                "sha256:0d94e0e05a19e57a99444b6ddcf9a6eb2e5c68d3ca1e98e90707af8152c90a92",
                "sha256:35b2d75ee967ea93b55750aa9edbbf72813e06a66ba54438df2cfac9e3c27fc8"
            ],
            "markers": "python_version >= '2.7' and python_version not in '3.0, 3.1, 3.2, 3.3'",
            "version": "==2.2.0"
        },
        "pyparsing": {
            "hashes": [
                "sha256:2b020ecf7d21b687f219b71ecad3631f644a47f01403fa1d1036b0c6416d70fb",
                "sha256:5026bae9a10eeaefb61dab2f09052b9f4307d44aee4eda64b309723d8d206bbc"
            ],
            "markers": "python_full_version >= '3.6.8'",
            "version": "==3.0.9"
        },
        "pytest": {
            "hashes": [
                "sha256:4288fed0d9153d9646bfcdf0c0428197dba1ecb27a33bb6e031d002fa88653fe",
                "sha256:c0a7e94a8cdbc5422a51ccdad8e6f1024795939cc89159a0ae7f0b316ad3823e"
            ],
            "index": "pypi",
            "version": "==6.1.2"
        },
        "pytest-cov": {
            "hashes": [
                "sha256:45ec2d5182f89a81fc3eb29e3d1ed3113b9e9a873bcddb2a71faaab066110191",
                "sha256:47bd0ce14056fdd79f93e1713f88fad7bdcc583dcd7783da86ef2f085a0bb88e"
            ],
            "index": "pypi",
            "version": "==2.10.1"
        },
        "python-jsonrpc-server": {
            "hashes": [
                "sha256:62c543e541f101ec5b57dc654efc212d2c2e3ea47ff6f54b2e7dcb36ecf20595",
                "sha256:e5a908ff182e620aac07db5f57887eeb0afe33993008f57dc1b85b594cea250c"
            ],
            "version": "==0.4.0"
        },
        "python-language-server": {
            "extras": [
                "mccabe",
                "pycodestyle",
                "pydocstyle",
                "pyflakes",
                "rope"
            ],
            "hashes": [
                "sha256:6e0c9a3b2ae98e0eb22e98ed6b3c4e190a6bf9e27af53efd2396da60cd92b221",
                "sha256:7051090259e3e81c0cdb140de8e32b8f11219808cda4427e6faf61f9ff9a3bf4"
            ],
            "index": "pypi",
            "version": "==0.35.1"
        },
        "pytoolconfig": {
            "hashes": [
                "sha256:5ac82f78d731531f9f82e5cc7f5ebae9473b1404c0e75aa5ac0b8b41cd99b510",
                "sha256:5f291567f0363a7314406be4f2381ece4e552a8608d2629544679e4d36d0df2b"
            ],
            "markers": "python_version >= '3.7'",
            "version": "==1.2.1"
        },
        "rope": {
            "hashes": [
                "sha256:14e2e9b74ff345d038988fd62b7ef4226351e4a1181123596abb3a147fea9019",
                "sha256:f762542c9cfe52124aa55d33822a269fc4b0da70fe3170c6086de2733ed52f22"
            ],
            "version": "==1.2.0"
        },
        "snowballstemmer": {
            "hashes": [
                "sha256:09b16deb8547d3412ad7b590689584cd0fe25ec8db3be37788be3810cbf19cb1",
                "sha256:c8e1716e83cc398ae16824e5572ae04e0d9fc2c6b985fb0f900f5f0c96ecba1a"
            ],
            "version": "==2.2.0"
        },
        "toml": {
            "hashes": [
                "sha256:806143ae5bfb6a3c6e736a764057db0e6a0e05e338b5630894a5f779cabb4f9b",
                "sha256:b3bda1d108d5dd99f4a20d24d9c348e91c4db7ab1b749200bded2f839ccbe68f"
            ],
            "markers": "python_version >= '2.6' and python_version not in '3.0, 3.1, 3.2, 3.3'",
            "version": "==0.10.2"
        },
        "tomli": {
            "hashes": [
                "sha256:939de3e7a6161af0c887ef91b7d41a53e7c5a1ca976325f429cb46ea9bc30ecc",
                "sha256:de526c12914f0c550d15924c62d72abc48d6fe7364aa87328337a31007fe8a4f"
            ],
            "markers": "python_version < '3.11'",
            "version": "==2.0.1"
        },
        "typing-extensions": {
            "hashes": [
                "sha256:25642c956049920a5aa49edcdd6ab1e06d7e5d467fc00e0506c44ac86fbfca02",
                "sha256:e6d2677a32f47fc7eb2795db1dd15c1f34eff616bcaf2cfb5e997f854fa1c4a6"
            ],
            "markers": "python_version < '3.8'",
            "version": "==4.3.0"
        },
        "ujson": {
            "hashes": [
                "sha256:025758cf6561af6986d77cd4af9367ab56dde5c7c50f13f59e6964b4b25df73e",
                "sha256:0551c1ba0bc9e05b69d9c18266dbc93252b5fa3cd9940051bc88a0dd33607b19",
                "sha256:05e411627e5d6ee773232960ca7307e66017f78e3fa74f7e95c3a8cc5cb05415",
                "sha256:0b46aee21e5d75426c4058dfdb42f7e7b1d130c664ee5027a8dbbc50872dc32b",
                "sha256:0bcde3135265ecdd5714a7de4fdc167925390d7b17ca325e59980f4114c962b8",
                "sha256:1120c8263f7d85e89533a2b46d80cc6def15114772010ede4d197739e111dba6",
                "sha256:13297a7d501f9c8c53e409d4fa57cc574e4fbfbe8807ef2c4c7ce2e3ec933a85",
                "sha256:191f88d5865740497b9827ef9b7c12f37a79872ac984e09f0901a10024019380",
                "sha256:1a2e645325f844f9c890c9d956fc2d35ca91f38c857278238ef6516c2f99cf7c",
                "sha256:2974b17bc522ef86d98b498959d82f03c02e07d9eb08746026415298f4a4bca3",
                "sha256:2d98248f1df1e1aab67e0374ab98945dd36bc1764753d71fd8aea5f296360b76",
                "sha256:31bdb6d771d5ef6d37134b42211500bfe176c55d399f3317e569783dc42ed38e",
                "sha256:3212847d3885bfd4f5fd56cdc37645a8f8e8a80d6cb569505da22fd9eb0e1a02",
                "sha256:326a96324ed9215b0bc9f1a5af324fb33900b6b0901516bcc421475d6596de0d",
                "sha256:381c97d326d1ec569d318cc0ae83940ea2df125ede1000871680fefd5b7fdea9",
                "sha256:39bb702ca1612253b5e4b6004e0f20208c98a446606aa351f9a7ba5ceaff0eb8",
                "sha256:3a0707f381f97e1287c0dbf94d95bd6c0bbf6e4eeeaa656f0076b7883010c818",
                "sha256:400e4ca8a59f71398e8fa56c4d2d6f535e2a121ddb57284ec15752ffce2dd63a",
                "sha256:422653083c6df6cec17fdb5d6106c209aad9b0c94131c53b073980403db22167",
                "sha256:511aa641a5b91d19280183b134fb6c473039d4dd82e987ac810cffba783521ac",
                "sha256:5df8b6369ee5ee2685fcc917f6c46b34e599c6e9a512fada6dfd752b909fa06a",
                "sha256:67f4e2fa81e1d99c01e7b1978ab0cbf3c9a8b663f683a709f87baad110d5b940",
                "sha256:68c7f753aec490c6566fd3cd301887c413ac3a588316e446f30a4134ac665668",
                "sha256:6a20f2f6e8818c1ab89dd4be6bbad3fc2ddb15287f89e7ea35f3eb849afebbd9",
                "sha256:6b953e09441e307504130755e5bd6b15850178d591f66292bba4608c4f7f9b00",
                "sha256:754f422aba8db8201a1073f25e2f732effc6471f8755708b16e6ebf19dd23634",
                "sha256:784dbd12925845a3f0757a956447e2fd31418abb5aeaebf3aca1203195f16fd1",
                "sha256:7d4c9ccd30e621e714ec24ca911ad8873567dc1ac1e5e914405ea9dd16b9d40c",
                "sha256:7e12272361e9722777c83b3f5b0bb91d402531f36e80c6e5fafb6acb89e897e3",
                "sha256:8cce79ce47c37132373fbdf55b683883c262a3a60763130e080b8394c1201d32",
                "sha256:8cd6117e33233f2de6bc896eea6a5a59b58a37db08f371157264e0ec5e51c76a",
                "sha256:8d472efa9c92e1b2933a22d2f1dbd5237087997136b24ac2b913bf4e8be03135",
                "sha256:91edcf9978ee401119e9c8589376ae37fd3e6e75ee365c49385cb005eaff1535",
                "sha256:9ae1d0094ce730e39e09656bc14074d9573cdd80adec1a55b06d8bf1f9613a01",
                "sha256:aa00b746138835271653b0c3da171d2a8b510c579381f71e8b8e03484d50d825",
                "sha256:aaa77af91df3f71858a1f792c74d3f2d3abf3875f93ab1a2b9a24b3797743b02",
                "sha256:b045ca5497a950cc3492840adb3bcb3b9e305ed6599ed14c6aeaa08011aa463f",
                "sha256:b40a3757a563ef77c3f2f9ea1732c2924e8b3b2bda3fa89513f949472ad40b6e",
                "sha256:baa76a6f707a6d22437fe9c7ec9719672fb04d4d9435a3e80ee9b1aaeb2089d9",
                "sha256:cec010d318a0238b1333ea9f40d5603d374cc026c29c4471e2661712c6682da1",
                "sha256:dd0d4ec694cab8a0a4d85f45f81ae0065465c4670f0db72ba48d6c4e7ae42834",
                "sha256:e2a9ddb5c6d1427056b8d62a1a172a18ae522b14d9ba5996b8281b09cba87edd",
                "sha256:e844be0831042aa91e847e5ab03bddd1089ab1a8dd0a1bf90411abf864f058b2",
                "sha256:e91947fda8354ea7faf698b084ebcdbabd239e7b15d8436fb74394f59a207ac9",
                "sha256:ea7fbc540bc04d5b05e5cd54e60ee8745ac665eedf2bad2ba9d12d5c7a7b7d2e",
                "sha256:ee29cf5cfc1e841708297633e1ce749aa851fb96830bbe51f2e5940741ff2441",
                "sha256:ef985eb2770900a485431910bd3f333b56d1a34b65f8c26a6ed8e8adf55f98d9",
                "sha256:f5c547d49a7e9d3f231e9323171bbbbcef63173fb007a2787cd4f05ac6269315",
                "sha256:fbea46c0fbc1c3bc8f957afd8dbb25b4ea3a356e18ee6dd79ace6cf32bd4cff7",
                "sha256:fd82932aaa224abd7d01e823b77aef9970f5ac1695027331d99e7f5fda9d37f5"
            ],
            "index": "pypi",
            "version": "==5.4.0"
        },
        "zipp": {
            "hashes": [
                "sha256:56bf8aadb83c24db6c4b577e13de374ccfb67da2078beba1d037c17980bf43ad",
                "sha256:c4f6e5bbf48e74f7a38e7cc5b0480ff42b0ae5178957d564d18932525d5cf099"
            ],
            "markers": "python_version >= '3.7'",
            "version": "==3.8.0"
        }
    }
}
